
Microsoft Visual Studio Solution File, Format Version 12.00
# Visual Studio Version 17
VisualStudioVersion = 17.2.32602.215
MinimumVisualStudioVersion = 10.0.40219.1
Project("{FAE04EC0-301F-11D3-BF4B-00C04F79EFBC}") = "methodExercises", "methodExercises\methodExercises.csproj", "{8D907CE1-7B30-4A81-841A-14476BA31C8D}"
EndProject
Global
	GlobalSection(SolutionConfigurationPlatforms) = preSolution
		Debug|Any CPU = Debug|Any CPU
		Release|Any CPU = Release|Any CPU
	EndGlobalSection
	GlobalSection(ProjectConfigurationPlatforms) = postSolution
		{8D907CE1-7B30-4A81-841A-14476BA31C8D}.Debug|Any CPU.ActiveCfg = Debug|Any CPU
		{8D907CE1-7B30-4A81-841A-14476BA31C8D}.Debug|Any CPU.Build.0 = Debug|Any CPU
		{8D907CE1-7B30-4A81-841A-14476BA31C8D}.Release|Any CPU.ActiveCfg = Release|Any CPU
		{8D907CE1-7B30-4A81-841A-14476BA31C8D}.Release|Any CPU.Build.0 = Release|Any CPU
	EndGlobalSection
	GlobalSection(SolutionProperties) = preSolution
		HideSolutionNode = FALSE
	EndGlobalSection
	GlobalSection(ExtensibilityGlobals) = postSolution
		SolutionGuid = {78EBD8D9-4F26-44CE-AFAF-F7F89F4A750B}
	EndGlobalSection
EndGlobal
